PODS:
  - Capacitor (8.5.0):
    - CapacitorCordova
  - CapacitorCordova (8.5.0)
  - NetUtils (0.0.1):
    - Capacitor
    - NMSSH (~> 2.2.9)
  - NMSSH (2.2.9)

DEPENDENCIES:
  - "Capacitor (from `../../node_modules/@capacitor/ios`)"
  - "CapacitorCordova (from `../../node_modules/@capacitor/ios`)"
  - NetUtils (from `../../../capacitor-net-utils`)

SPEC REPOS:
  trunk:
    - NMSSH

EXTERNAL SOURCES:
  Capacitor:
    :path: "../../node_modules/@capacitor/ios"
  CapacitorCordova:
    :path: "../../node_modules/@capacitor/ios"
  NetUtils:
    :path: "../../../capacitor-net-utils"

SPEC CHECKSUMS:
  Capacitor: 00b87168591cc006ea6f5c0de681ec5c39a2c8eb
  CapacitorCordova: 9d3acbb574048e7167d2af127a0af2123e619f2f
  NetUtils: 0907fa8e6893d0c9b86b037fffe6eb1bc447897e
  NMSSH: eb4a63d52631d3ffe348181793bb19434b01c32a

PODFILE CHECKSUM: d4db2be56ee740b23cdfc68d3cb2e0467f86650d

COCOAPODS: 1.16.2
